
Microsoft Visual Studio Solution File, Format Version 12.00
# Visual Studio Version 16
VisualStudioVersion = 16.0.31729.503
MinimumVisualStudioVersion = 10.0.40219.1
Project("{FAE04EC0-301F-11D3-BF4B-00C04F79EFBC}") = "Catalog.API", "Services\Catalog\Catalog.API\Catalog.API.csproj", "{9EBD9A58-E741-4A21-85BC-A6B613BEF8B8}"
EndProject
Global
	GlobalSection(SolutionConfigurationPlatforms) = preSolution
		Debug|Any CPU = Debug|Any CPU
		Release|Any CPU = Release|Any CPU
	EndGlobalSection
	GlobalSection(ProjectConfigurationPlatforms) = postSolution
		{9EBD9A58-E741-4A21-85BC-A6B613BEF8B8}.Debug|Any CPU.ActiveCfg = Debug|Any CPU
		{9EBD9A58-E741-4A21-85BC-A6B613BEF8B8}.Debug|Any CPU.Build.0 = Debug|Any CPU
		{9EBD9A58-E741-4A21-85BC-A6B613BEF8B8}.Release|Any CPU.ActiveCfg = Release|Any CPU
		{9EBD9A58-E741-4A21-85BC-A6B613BEF8B8}.Release|Any CPU.Build.0 = Release|Any CPU
	EndGlobalSection
	GlobalSection(SolutionProperties) = preSolution
		HideSolutionNode = FALSE
	EndGlobalSection
	GlobalSection(ExtensibilityGlobals) = postSolution
		SolutionGuid = {52F037B3-7F4E-4731-83BC-2B0AA5E76E69}
	EndGlobalSection
EndGlobal
